
Microsoft Visual Studio Solution File, Format Version 12.00
# Visual Studio 2013
VisualStudioVersion = 12.0.31101.0
MinimumVisualStudioVersion = 10.0.40219.1
Project("{FAE04EC0-301F-11D3-BF4B-00C04F79EFBC}") = "Leet-Game-Of-Life.Tests", "Leet-Game-Of-Life.Tests\Leet-Game-Of-Life.Tests.csproj", "{2EA3E3E6-1A8B-464D-B9F6-53D0CE04E786}"
EndProject
Project("{FAE04EC0-301F-11D3-BF4B-00C04F79EFBC}") = "Leet-Game-Of-Life.Web", "Leet-Game-Of-Life.Web\Leet-Game-Of-Life.Web.csproj", "{FFD418AF-9D2D-41C9-875D-6D4F5630CD6E}"
EndProject
Global
	GlobalSection(SolutionConfigurationPlatforms) = preSolution
		Debug|Any CPU = Debug|Any CPU
		Release|Any CPU = Release|Any CPU
	EndGlobalSection
	GlobalSection(ProjectConfigurationPlatforms) = postSolution
		{2EA3E3E6-1A8B-464D-B9F6-53D0CE04E786}.Debug|Any CPU.ActiveCfg = Debug|Any CPU
		{2EA3E3E6-1A8B-464D-B9F6-53D0CE04E786}.Debug|Any CPU.Build.0 = Debug|Any CPU
		{2EA3E3E6-1A8B-464D-B9F6-53D0CE04E786}.Release|Any CPU.ActiveCfg = Release|Any CPU
		{2EA3E3E6-1A8B-464D-B9F6-53D0CE04E786}.Release|Any CPU.Build.0 = Release|Any CPU
		{FFD418AF-9D2D-41C9-875D-6D4F5630CD6E}.Debug|Any CPU.ActiveCfg = Debug|Any CPU
		{FFD418AF-9D2D-41C9-875D-6D4F5630CD6E}.Debug|Any CPU.Build.0 = Debug|Any CPU
		{FFD418AF-9D2D-41C9-875D-6D4F5630CD6E}.Release|Any CPU.ActiveCfg = Release|Any CPU
		{FFD418AF-9D2D-41C9-875D-6D4F5630CD6E}.Release|Any CPU.Build.0 = Release|Any CPU
	EndGlobalSection
	GlobalSection(SolutionProperties) = preSolution
		HideSolutionNode = FALSE
	EndGlobalSection
EndGlobal
